
Microsoft Visual Studio Solution File, Format Version 12.00
# Visual Studio Version 17
VisualStudioVersion = 17.11.35327.3
MinimumVisualStudioVersion = 10.0.40219.1
Project("{8BC9CEB8-8B4A-11D0-8D11-00A0C91BC942}") = "Heap Sort", "Heap Sort.vcxproj", "{CC60BC51-8D2F-4CC9-B778-9A93D8519591}"
EndProject
Global
	GlobalSection(SolutionConfigurationPlatforms) = preSolution
		Debug|x64 = Debug|x64
		Debug|x86 = Debug|x86
		Release|x64 = Release|x64
		Release|x86 = Release|x86
	EndGlobalSection
	GlobalSection(ProjectConfigurationPlatforms) = postSolution
		{CC60BC51-8D2F-4CC9-B778-9A93D8519591}.Debug|x64.ActiveCfg = Debug|x64
		{CC60BC51-8D2F-4CC9-B778-9A93D8519591}.Debug|x64.Build.0 = Debug|x64
		{CC60BC51-8D2F-4CC9-B778-9A93D8519591}.Debug|x86.ActiveCfg = Debug|Win32
		{CC60BC51-8D2F-4CC9-B778-9A93D8519591}.Debug|x86.Build.0 = Debug|Win32
		{CC60BC51-8D2F-4CC9-B778-9A93D8519591}.Release|x64.ActiveCfg = Release|x64
		{CC60BC51-8D2F-4CC9-B778-9A93D8519591}.Release|x64.Build.0 = Release|x64
		{CC60BC51-8D2F-4CC9-B778-9A93D8519591}.Release|x86.ActiveCfg = Release|Win32
		{CC60BC51-8D2F-4CC9-B778-9A93D8519591}.Release|x86.Build.0 = Release|Win32
	EndGlobalSection
	GlobalSection(SolutionProperties) = preSolution
		HideSolutionNode = FALSE
	EndGlobalSection
	GlobalSection(ExtensibilityGlobals) = postSolution
		SolutionGuid = {C37E13AF-17CF-49BB-AC85-BF9340BAC8E2}
	EndGlobalSection
EndGlobal
